
Microsoft Visual Studio Solution File, Format Version 12.00
# Visual Studio Version 16
VisualStudioVersion = 16.0.30413.136
MinimumVisualStudioVersion = 10.0.40219.1
Project("{FAE04EC0-301F-11D3-BF4B-00C04F79EFBC}") = "Jarmupark", "Jarmupark\Jarmupark.csproj", "{AE7A5822-11E1-40DA-98BE-8A574A0256B5}"
EndProject
Global
	GlobalSection(SolutionConfigurationPlatforms) = preSolution
		Debug|Any CPU = Debug|Any CPU
		Release|Any CPU = Release|Any CPU
	EndGlobalSection
	GlobalSection(ProjectConfigurationPlatforms) = postSolution
		{AE7A5822-11E1-40DA-98BE-8A574A0256B5}.Debug|Any CPU.ActiveCfg = Debug|Any CPU
		{AE7A5822-11E1-40DA-98BE-8A574A0256B5}.Debug|Any CPU.Build.0 = Debug|Any CPU
		{AE7A5822-11E1-40DA-98BE-8A574A0256B5}.Release|Any CPU.ActiveCfg = Release|Any CPU
		{AE7A5822-11E1-40DA-98BE-8A574A0256B5}.Release|Any CPU.Build.0 = Release|Any CPU
	EndGlobalSection
	GlobalSection(SolutionProperties) = preSolution
		HideSolutionNode = FALSE
	EndGlobalSection
	GlobalSection(ExtensibilityGlobals) = postSolution
		SolutionGuid = {DEC5C9ED-3A9A-4A9F-840B-9086F8CFAEF8}
	EndGlobalSection
EndGlobal
